
Microsoft Visual Studio Solution File, Format Version 12.00
# Visual Studio Version 16
VisualStudioVersion = 16.0.31112.23
MinimumVisualStudioVersion = 10.0.40219.1
Project("{9A19103F-16F7-4668-BE54-9A1E7A4F7556}") = "WideWorldImporters.API", "WideWorldImporters.API\WideWorldImporters.API.csproj", "{2B8DD2C5-7CAD-4D2C-B7E4-8289035AA559}"
EndProject
Project("{9A19103F-16F7-4668-BE54-9A1E7A4F7556}") = "WideWorldImporters.API.UnitTests", "WideWorldImporters.API.UnitTests\WideWorldImporters.API.UnitTests\WideWorldImporters.API.UnitTests.csproj", "{BFAF7987-8ED5-428A-A94A-49539DFA2D91}"
EndProject
Project("{FAE04EC0-301F-11D3-BF4B-00C04F79EFBC}") = "WideWorldImporters.API.IntegrationTests", "WideWorldImporters.API.IntegrationTests\WideWorldImporters.API.IntegrationTests.csproj", "{769B1031-4079-4D66-A2F4-9C5DD398FCFB}"
EndProject
Global
	GlobalSection(SolutionConfigurationPlatforms) = preSolution
		Debug|Any CPU = Debug|Any CPU
		Release|Any CPU = Release|Any CPU
	EndGlobalSection
	GlobalSection(ProjectConfigurationPlatforms) = postSolution
		{2B8DD2C5-7CAD-4D2C-B7E4-8289035AA559}.Debug|Any CPU.ActiveCfg = Debug|Any CPU
		{2B8DD2C5-7CAD-4D2C-B7E4-8289035AA559}.Debug|Any CPU.Build.0 = Debug|Any CPU
		{2B8DD2C5-7CAD-4D2C-B7E4-8289035AA559}.Release|Any CPU.ActiveCfg = Release|Any CPU
		{2B8DD2C5-7CAD-4D2C-B7E4-8289035AA559}.Release|Any CPU.Build.0 = Release|Any CPU
		{BFAF7987-8ED5-428A-A94A-49539DFA2D91}.Debug|Any CPU.ActiveCfg = Debug|Any CPU
		{BFAF7987-8ED5-428A-A94A-49539DFA2D91}.Debug|Any CPU.Build.0 = Debug|Any CPU
		{BFAF7987-8ED5-428A-A94A-49539DFA2D91}.Release|Any CPU.ActiveCfg = Release|Any CPU
		{BFAF7987-8ED5-428A-A94A-49539DFA2D91}.Release|Any CPU.Build.0 = Release|Any CPU
		{769B1031-4079-4D66-A2F4-9C5DD398FCFB}.Debug|Any CPU.ActiveCfg = Debug|Any CPU
		{769B1031-4079-4D66-A2F4-9C5DD398FCFB}.Debug|Any CPU.Build.0 = Debug|Any CPU
		{769B1031-4079-4D66-A2F4-9C5DD398FCFB}.Release|Any CPU.ActiveCfg = Release|Any CPU
		{769B1031-4079-4D66-A2F4-9C5DD398FCFB}.Release|Any CPU.Build.0 = Release|Any CPU
	EndGlobalSection
	GlobalSection(SolutionProperties) = preSolution
		HideSolutionNode = FALSE
	EndGlobalSection
	GlobalSection(ExtensibilityGlobals) = postSolution
		SolutionGuid = {B80D8A4B-6E88-4ABF-879F-668F6E21DCA1}
	EndGlobalSection
EndGlobal
